PODS:
  - Alamofire (5.2.1)
  - KeychainAccess (4.2.0)

DEPENDENCIES:
  - Alamofire (~> 5.2)
  - KeychainAccess

SPEC REPOS:
  trunk:
    - Alamofire
    - KeychainAccess

SPEC CHECKSUMS:
  Alamofire: e911732990610fe89af59ac0077f923d72dc3dfd
  KeychainAccess: 3f760109aa99b05d0f231e28b22642da7153e38a

PODFILE CHECKSUM: 1cadac84afe82115f3ebb02b514475827613a2c9

COCOAPODS: 1.9.3
